// !$*UTF8*$!
{
	archiveVersion = 1;
	classes = {
	};
	objectVersion = 50;
	objects = {

/* Begin PBXBuildFile section */
		351BC79A25E81C4D00EF73E0 /* AppDelegate.swift in Sources */ = {isa = PBXBuildFile; fileRef = 351BC79925E81C4D00EF73E0 /* AppDelegate.swift */; };
		351BC79C25E81C4D00EF73E0 /* SceneDelegate.swift in Sources */ = {isa = PBXBuildFile; fileRef = 351BC79B25E81C4D00EF73E0 /* SceneDelegate.swift */; };
		351BC79E25E81C4D00EF73E0 /* AddMealViewController.swift in Sources */ = {isa = PBXBuildFile; fileRef = 351BC79D25E81C4D00EF73E0 /* AddMealViewController.swift */; };
		351BC7A125E81C4D00EF73E0 /* Main.storyboard in Resources */ = {isa = PBXBuildFile; fileRef = 351BC79F25E81C4D00EF73E0 /* Main.storyboard */; };
		351BC7A325E81C5000EF73E0 /* Assets.xcassets in Resources */ = {isa = PBXBuildFile; fileRef = 351BC7A225E81C5000EF73E0 /* Assets.xcassets */; };
		351BC7A625E81C5000EF73E0 /* LaunchScreen.storyboard in Resources */ = {isa = PBXBuildFile; fileRef = 351BC7A425E81C5000EF73E0 /* LaunchScreen.storyboard */; };
		351BC7B125E86F9200EF73E0 /* Meal.swift in Sources */ = {isa = PBXBuildFile; fileRef = 351BC7B025E86F9200EF73E0 /* Meal.swift */; };
		351BC7B825E8701A00EF73E0 /* Item.swift in Sources */ = {isa = PBXBuildFile; fileRef = 351BC7B725E8701A00EF73E0 /* Item.swift */; };
		351BC7BD25E9676000EF73E0 /* AllMealsViewController.swift in Sources */ = {isa = PBXBuildFile; fileRef = 351BC7BC25E9675F00EF73E0 /* AllMealsViewController.swift */; };
		35B2AFB625ED5BD100EB239C /* AddNewItemViewController.swift in Sources */ = {isa = PBXBuildFile; fileRef = 35B2AFB425ED5BD100EB239C /* AddNewItemViewController.swift */; };
		35B2AFB725ED5BD100EB239C /* AddNewItemViewController.xib in Resources */ = {isa = PBXBuildFile; fileRef = 35B2AFB525ED5BD100EB239C /* AddNewItemViewController.xib */; };
/* End PBXBuildFile section */

/* Begin PBXFileReference section */
		351BC79625E81C4D00EF73E0 /* eggplant-brownie.app */ = {isa = PBXFileReference; explicitFileType = wrapper.application; includeInIndex = 0; path = "eggplant-brownie.app"; sourceTree = BUILT_PRODUCTS_DIR; };
		351BC79925E81C4D00EF73E0 /* AppDelegate.swift */ = {isa = PBXFileReference; lastKnownFileType = sourcecode.swift; path = AppDelegate.swift; sourceTree = "<group>"; };
		351BC79B25E81C4D00EF73E0 /* SceneDelegate.swift */ = {isa = PBXFileReference; lastKnownFileType = sourcecode.swift; path = SceneDelegate.swift; sourceTree = "<group>"; };
		351BC79D25E81C4D00EF73E0 /* AddMealViewController.swift */ = {isa = PBXFileReference; lastKnownFileType = sourcecode.swift; path = AddMealViewController.swift; sourceTree = "<group>"; };
		351BC7A025E81C4D00EF73E0 /* Base */ = {isa = PBXFileReference; lastKnownFileType = file.storyboard; name = Base; path = Base.lproj/Main.storyboard; sourceTree = "<group>"; };
		351BC7A225E81C5000EF73E0 /* Assets.xcassets */ = {isa = PBXFileReference; lastKnownFileType = folder.assetcatalog; path = Assets.xcassets; sourceTree = "<group>"; };
		351BC7A525E81C5000EF73E0 /* Base */ = {isa = PBXFileReference; lastKnownFileType = file.storyboard; name = Base; path = Base.lproj/LaunchScreen.storyboard; sourceTree = "<group>"; };
		351BC7A725E81C5000EF73E0 /* Info.plist */ = {isa = PBXFileReference; lastKnownFileType = text.plist.xml; path = Info.plist; sourceTree = "<group>"; };
		351BC7AE25E8255900EF73E0 /* MyPlayground.playground */ = {isa = PBXFileReference; lastKnownFileType = file.playground; name = MyPlayground.playground; path = "../../../Library/Autosave Information/MyPlayground.playground"; sourceTree = "<group>"; xcLanguageSpecificationIdentifier = xcode.lang.swift; };
		351BC7B025E86F9200EF73E0 /* Meal.swift */ = {isa = PBXFileReference; lastKnownFileType = sourcecode.swift; path = Meal.swift; sourceTree = "<group>"; };
		351BC7B725E8701A00EF73E0 /* Item.swift */ = {isa = PBXFileReference; lastKnownFileType = sourcecode.swift; path = Item.swift; sourceTree = "<group>"; };
		351BC7BC25E9675F00EF73E0 /* AllMealsViewController.swift */ = {isa = PBXFileReference; lastKnownFileType = sourcecode.swift; path = AllMealsViewController.swift; sourceTree = "<group>"; };
		35B2AFB425ED5BD100EB239C /* AddNewItemViewController.swift */ = {isa = PBXFileReference; lastKnownFileType = sourcecode.swift; path = AddNewItemViewController.swift; sourceTree = "<group>"; };
		35B2AFB525ED5BD100EB239C /* AddNewItemViewController.xib */ = {isa = PBXFileReference; lastKnownFileType = file.xib; path = AddNewItemViewController.xib; sourceTree = "<group>"; };
/* End PBXFileReference section */

/* Begin PBXFrameworksBuildPhase section */
		351BC79325E81C4D00EF73E0 /* Frameworks */ = {
			isa = PBXFrameworksBuildPhase;
			buildActionMask = 2147483647;
			files = (
			);
			runOnlyForDeploymentPostprocessing = 0;
		};
/* End PBXFrameworksBuildPhase section */

/* Begin PBXGroup section */
		351BC78D25E81C4D00EF73E0 = {
			isa = PBXGroup;
			children = (
				351BC7AE25E8255900EF73E0 /* MyPlayground.playground */,
				351BC79825E81C4D00EF73E0 /* eggplant-brownie */,
				351BC79725E81C4D00EF73E0 /* Products */,
			);
			sourceTree = "<group>";
		};
		351BC79725E81C4D00EF73E0 /* Products */ = {
			isa = PBXGroup;
			children = (
				351BC79625E81C4D00EF73E0 /* eggplant-brownie.app */,
			);
			name = Products;
			sourceTree = "<group>";
		};
		351BC79825E81C4D00EF73E0 /* eggplant-brownie */ = {
			isa = PBXGroup;
			children = (
				351BC7B625E86FD500EF73E0 /* Interface */,
				351BC7B425E86FAE00EF73E0 /* Application */,
				351BC7B325E86FA400EF73E0 /* Domain */,
				351BC7B525E86FCC00EF73E0 /* Infra */,
				351BC79925E81C4D00EF73E0 /* AppDelegate.swift */,
				351BC79B25E81C4D00EF73E0 /* SceneDelegate.swift */,
				351BC7A225E81C5000EF73E0 /* Assets.xcassets */,
				351BC7A425E81C5000EF73E0 /* LaunchScreen.storyboard */,
				351BC7A725E81C5000EF73E0 /* Info.plist */,
			);
			path = "eggplant-brownie";
			sourceTree = "<group>";
		};
		351BC7B325E86FA400EF73E0 /* Domain */ = {
			isa = PBXGroup;
			children = (
				351BC7B025E86F9200EF73E0 /* Meal.swift */,
				351BC7B725E8701A00EF73E0 /* Item.swift */,
			);
			path = Domain;
			sourceTree = "<group>";
		};
		351BC7B425E86FAE00EF73E0 /* Application */ = {
			isa = PBXGroup;
			children = (
				351BC79D25E81C4D00EF73E0 /* AddMealViewController.swift */,
				35B2AFB425ED5BD100EB239C /* AddNewItemViewController.swift */,
				351BC7BC25E9675F00EF73E0 /* AllMealsViewController.swift */,
			);
			path = Application;
			sourceTree = "<group>";
		};
		351BC7B525E86FCC00EF73E0 /* Infra */ = {
			isa = PBXGroup;
			children = (
			);
			path = Infra;
			sourceTree = "<group>";
		};
		351BC7B625E86FD500EF73E0 /* Interface */ = {
			isa = PBXGroup;
			children = (
				351BC79F25E81C4D00EF73E0 /* Main.storyboard */,
				35B2AFB525ED5BD100EB239C /* AddNewItemViewController.xib */,
			);
			path = Interface;
			sourceTree = "<group>";
		};
/* End PBXGroup section */

/* Begin PBXNativeTarget section */
		351BC79525E81C4D00EF73E0 /* eggplant-brownie */ = {
			isa = PBXNativeTarget;
			buildConfigurationList = 351BC7AA25E81C5000EF73E0 /* Build configuration list for PBXNativeTarget "eggplant-brownie" */;
			buildPhases = (
				351BC79225E81C4D00EF73E0 /* Sources */,
				351BC79325E81C4D00EF73E0 /* Frameworks */,
				351BC79425E81C4D00EF73E0 /* Resources */,
			);
			buildRules = (
			);
			dependencies = (
			);
			name = "eggplant-brownie";
			productName = "eggplant-brownie";
			productReference = 351BC79625E81C4D00EF73E0 /* eggplant-brownie.app */;
			productType = "com.apple.product-type.application";
		};
/* End PBXNativeTarget section */

/* Begin PBXProject section */
		351BC78E25E81C4D00EF73E0 /* Project object */ = {
			isa = PBXProject;
			attributes = {
				LastSwiftUpdateCheck = 1200;
				LastUpgradeCheck = 1200;
				TargetAttributes = {
					351BC79525E81C4D00EF73E0 = {
						CreatedOnToolsVersion = 12.0;
					};
				};
			};
			buildConfigurationList = 351BC79125E81C4D00EF73E0 /* Build configuration list for PBXProject "eggplant-brownie" */;
			compatibilityVersion = "Xcode 9.3";
			developmentRegion = en;
			hasScannedForEncodings = 0;
			knownRegions = (
				en,
				Base,
			);
			mainGroup = 351BC78D25E81C4D00EF73E0;
			productRefGroup = 351BC79725E81C4D00EF73E0 /* Products */;
			projectDirPath = "";
			projectRoot = "";
			targets = (
				351BC79525E81C4D00EF73E0 /* eggplant-brownie */,
			);
		};
/* End PBXProject section */

/* Begin PBXResourcesBuildPhase section */
		351BC79425E81C4D00EF73E0 /* Resources */ = {
			isa = PBXResourcesBuildPhase;
			buildActionMask = 2147483647;
			files = (
				351BC7A625E81C5000EF73E0 /* LaunchScreen.storyboard in Resources */,
				351BC7A325E81C5000EF73E0 /* Assets.xcassets in Resources */,
				35B2AFB725ED5BD100EB239C /* AddNewItemViewController.xib in Resources */,
				351BC7A125E81C4D00EF73E0 /* Main.storyboard in Resources */,
			);
			runOnlyForDeploymentPostprocessing = 0;
		};
/* End PBXResourcesBuildPhase section */

/* Begin PBXSourcesBuildPhase section */
		351BC79225E81C4D00EF73E0 /* Sources */ = {
			isa = PBXSourcesBuildPhase;
			buildActionMask = 2147483647;
			files = (
				351BC7B825E8701A00EF73E0 /* Item.swift in Sources */,
				35B2AFB625ED5BD100EB239C /* AddNewItemViewController.swift in Sources */,
				351BC7B125E86F9200EF73E0 /* Meal.swift in Sources */,
				351BC79E25E81C4D00EF73E0 /* AddMealViewController.swift in Sources */,
				351BC79A25E81C4D00EF73E0 /* AppDelegate.swift in Sources */,
				351BC7BD25E9676000EF73E0 /* AllMealsViewController.swift in Sources */,
				351BC79C25E81C4D00EF73E0 /* SceneDelegate.swift in Sources */,
			);
			runOnlyForDeploymentPostprocessing = 0;
		};
/* End PBXSourcesBuildPhase section */

/* Begin PBXVariantGroup section */
		351BC79F25E81C4D00EF73E0 /* Main.storyboard */ = {
			isa = PBXVariantGroup;
			children = (
				351BC7A025E81C4D00EF73E0 /* Base */,
			);
			name = Main.storyboard;
			sourceTree = "<group>";
		};
		351BC7A425E81C5000EF73E0 /* LaunchScreen.storyboard */ = {
			isa = PBXVariantGroup;
			children = (
				351BC7A525E81C5000EF73E0 /* Base */,
			);
			name = LaunchScreen.storyboard;
			sourceTree = "<group>";
		};
/* End PBXVariantGroup section */

/* Begin XCBuildConfiguration section */
		351BC7A825E81C5000EF73E0 /* Debug */ = {
			isa = XCBuildConfiguration;
			buildSettings = {
				ALWAYS_SEARCH_USER_PATHS = NO;
				CLANG_ANALYZER_NONNULL = YES;
				CLANG_ANALYZER_NUMBER_OBJECT_CONVERSION = YES_AGGRESSIVE;
				CLANG_CXX_LANGUAGE_STANDARD = "gnu++14";
				CLANG_CXX_LIBRARY = "libc++";
				CLANG_ENABLE_MODULES = YES;
				CLANG_ENABLE_OBJC_ARC = YES;
				CLANG_ENABLE_OBJC_WEAK = YES;
				CLANG_WARN_BLOCK_CAPTURE_AUTORELEASING = YES;
				CLANG_WARN_BOOL_CONVERSION = YES;
				CLANG_WARN_COMMA = YES;
				CLANG_WARN_CONSTANT_CONVERSION = YES;
				CLANG_WARN_DEPRECATED_OBJC_IMPLEMENTATIONS = YES;
				CLANG_WARN_DIRECT_OBJC_ISA_USAGE = YES_ERROR;
				CLANG_WARN_DOCUMENTATION_COMMENTS = YES;
				CLANG_WARN_EMPTY_BODY = YES;
				CLANG_WARN_ENUM_CONVERSION = YES;
				CLANG_WARN_INFINITE_RECURSION = YES;
				CLANG_WARN_INT_CONVERSION = YES;
				CLANG_WARN_NON_LITERAL_NULL_CONVERSION = YES;
				CLANG_WARN_OBJC_IMPLICIT_RETAIN_SELF = YES;
				CLANG_WARN_OBJC_LITERAL_CONVERSION = YES;
				CLANG_WARN_OBJC_ROOT_CLASS = YES_ERROR;
				CLANG_WARN_QUOTED_INCLUDE_IN_FRAMEWORK_HEADER = YES;
				CLANG_WARN_RANGE_LOOP_ANALYSIS = YES;
				CLANG_WARN_STRICT_PROTOTYPES = YES;
				CLANG_WARN_SUSPICIOUS_MOVE = YES;
				CLANG_WARN_UNGUARDED_AVAILABILITY = YES_AGGRESSIVE;
				CLANG_WARN_UNREACHABLE_CODE = YES;
				CLANG_WARN__DUPLICATE_METHOD_MATCH = YES;
				COPY_PHASE_STRIP = NO;
				DEBUG_INFORMATION_FORMAT = dwarf;
				ENABLE_STRICT_OBJC_MSGSEND = YES;
				ENABLE_TESTABILITY = YES;
				GCC_C_LANGUAGE_STANDARD = gnu11;
				GCC_DYNAMIC_NO_PIC = NO;
				GCC_NO_COMMON_BLOCKS = YES;
				GCC_OPTIMIZATION_LEVEL = 0;
				GCC_PREPROCESSOR_DEFINITIONS = (
					"DEBUG=1",
					"$(inherited)",
				);
				GCC_WARN_64_TO_32_BIT_CONVERSION = YES;
				GCC_WARN_ABOUT_RETURN_TYPE = YES_ERROR;
				GCC_WARN_UNDECLARED_SELECTOR = YES;
				GCC_WARN_UNINITIALIZED_AUTOS = YES_AGGRESSIVE;
				GCC_WARN_UNUSED_FUNCTION = YES;
				GCC_WARN_UNUSED_VARIABLE = YES;
				IPHONEOS_DEPLOYMENT_TARGET = 14.0;
				MTL_ENABLE_DEBUG_INFO = INCLUDE_SOURCE;
				MTL_FAST_MATH = YES;
				ONLY_ACTIVE_ARCH = YES;
				SDKROOT = iphoneos;
				SWIFT_ACTIVE_COMPILATION_CONDITIONS = DEBUG;
				SWIFT_OPTIMIZATION_LEVEL = "-Onone";
			};
			name = Debug;
		};
		351BC7A925E81C5000EF73E0 /* Release */ = {
			isa = XCBuildConfiguration;
			buildSettings = {
				ALWAYS_SEARCH_USER_PATHS = NO;
				CLANG_ANALYZER_NONNULL = YES;
				CLANG_ANALYZER_NUMBER_OBJECT_CONVERSION = YES_AGGRESSIVE;
				CLANG_CXX_LANGUAGE_STANDARD = "gnu++14";
				CLANG_CXX_LIBRARY = "libc++";
				CLANG_ENABLE_MODULES = YES;
				CLANG_ENABLE_OBJC_ARC = YES;
				CLANG_ENABLE_OBJC_WEAK = YES;
				CLANG_WARN_BLOCK_CAPTURE_AUTORELEASING = YES;
				CLANG_WARN_BOOL_CONVERSION = YES;
				CLANG_WARN_COMMA = YES;
				CLANG_WARN_CONSTANT_CONVERSION = YES;
				CLANG_WARN_DEPRECATED_OBJC_IMPLEMENTATIONS = YES;
				CLANG_WARN_DIRECT_OBJC_ISA_USAGE = YES_ERROR;
				CLANG_WARN_DOCUMENTATION_COMMENTS = YES;
				CLANG_WARN_EMPTY_BODY = YES;
				CLANG_WARN_ENUM_CONVERSION = YES;
				CLANG_WARN_INFINITE_RECURSION = YES;
				CLANG_WARN_INT_CONVERSION = YES;
				CLANG_WARN_NON_LITERAL_NULL_CONVERSION = YES;
				CLANG_WARN_OBJC_IMPLICIT_RETAIN_SELF = YES;
				CLANG_WARN_OBJC_LITERAL_CONVERSION = YES;
				CLANG_WARN_OBJC_ROOT_CLASS = YES_ERROR;
				CLANG_WARN_QUOTED_INCLUDE_IN_FRAMEWORK_HEADER = YES;
				CLANG_WARN_RANGE_LOOP_ANALYSIS = YES;
				CLANG_WARN_STRICT_PROTOTYPES = YES;
				CLANG_WARN_SUSPICIOUS_MOVE = YES;
				CLANG_WARN_UNGUARDED_AVAILABILITY = YES_AGGRESSIVE;
				CLANG_WARN_UNREACHABLE_CODE = YES;
				CLANG_WARN__DUPLICATE_METHOD_MATCH = YES;
				COPY_PHASE_STRIP = NO;
				DEBUG_INFORMATION_FORMAT = "dwarf-with-dsym";
				ENABLE_NS_ASSERTIONS = NO;
				ENABLE_STRICT_OBJC_MSGSEND = YES;
				GCC_C_LANGUAGE_STANDARD = gnu11;
				GCC_NO_COMMON_BLOCKS = YES;
				GCC_WARN_64_TO_32_BIT_CONVERSION = YES;
				GCC_WARN_ABOUT_RETURN_TYPE = YES_ERROR;
				GCC_WARN_UNDECLARED_SELECTOR = YES;
				GCC_WARN_UNINITIALIZED_AUTOS = YES_AGGRESSIVE;
				GCC_WARN_UNUSED_FUNCTION = YES;
				GCC_WARN_UNUSED_VARIABLE = YES;
				IPHONEOS_DEPLOYMENT_TARGET = 14.0;
				MTL_ENABLE_DEBUG_INFO = NO;
				MTL_FAST_MATH = YES;
				SDKROOT = iphoneos;
				SWIFT_COMPILATION_MODE = wholemodule;
				SWIFT_OPTIMIZATION_LEVEL = "-O";
				VALIDATE_PRODUCT = YES;
			};
			name = Release;
		};
		351BC7AB25E81C5000EF73E0 /* Debug */ = {
			isa = XCBuildConfiguration;
			buildSettings = {
				ASSETCATALOG_COMPILER_APPICON_NAME = AppIcon;
				ASSETCATALOG_COMPILER_GLOBAL_ACCENT_COLOR_NAME = AccentColor;
				CODE_SIGN_STYLE = Automatic;
				INFOPLIST_FILE = "eggplant-brownie/Info.plist";
				LD_RUNPATH_SEARCH_PATHS = (
					"$(inherited)",
					"@executable_path/Frameworks",
				);
				PRODUCT_BUNDLE_IDENTIFIER = "br.com.rollo.rafael.eggplant-brownie";
				PRODUCT_NAME = "$(TARGET_NAME)";
				SWIFT_VERSION = 5.0;
				TARGETED_DEVICE_FAMILY = "1,2";
			};
			name = Debug;
		};
		351BC7AC25E81C5000EF73E0 /* Release */ = {
			isa = XCBuildConfiguration;
			buildSettings = {
				ASSETCATALOG_COMPILER_APPICON_NAME = AppIcon;
				ASSETCATALOG_COMPILER_GLOBAL_ACCENT_COLOR_NAME = AccentColor;
				CODE_SIGN_STYLE = Automatic;
				INFOPLIST_FILE = "eggplant-brownie/Info.plist";
				LD_RUNPATH_SEARCH_PATHS = (
					"$(inherited)",
					"@executable_path/Frameworks",
				);
				PRODUCT_BUNDLE_IDENTIFIER = "br.com.rollo.rafael.eggplant-brownie";
				PRODUCT_NAME = "$(TARGET_NAME)";
				SWIFT_VERSION = 5.0;
				TARGETED_DEVICE_FAMILY = "1,2";
			};
			name = Release;
		};
/* End XCBuildConfiguration section */

/* Begin XCConfigurationList section */
		351BC79125E81C4D00EF73E0 /* Build configuration list for PBXProject "eggplant-brownie" */ = {
			isa = XCConfigurationList;
			buildConfigurations = (
				351BC7A825E81C5000EF73E0 /* Debug */,
				351BC7A925E81C5000EF73E0 /* Release */,
			);
			defaultConfigurationIsVisible = 0;
			defaultConfigurationName = Release;
		};
		351BC7AA25E81C5000EF73E0 /* Build configuration list for PBXNativeTarget "eggplant-brownie" */ = {
			isa = XCConfigurationList;
			buildConfigurations = (
				351BC7AB25E81C5000EF73E0 /* Debug */,
				351BC7AC25E81C5000EF73E0 /* Release */,
			);
			defaultConfigurationIsVisible = 0;
			defaultConfigurationName = Release;
		};
/* End XCConfigurationList section */
	};
	rootObject = 351BC78E25E81C4D00EF73E0 /* Project object */;
}
